
Microsoft Visual Studio Solution File, Format Version 12.00
Project("{FAE04EC0-301F-11D3-BF4B-00C04F79EFBC}") = "TodoListWAuthApi", "TodoListWAuthApi\TodoListWAuthApi.csproj", "{F9F282F3-7976-47C4-AB77-43535E0B0804}"
EndProject
Global
	GlobalSection(SolutionConfigurationPlatforms) = preSolution
		Debug|Any CPU = Debug|Any CPU
		Release|Any CPU = Release|Any CPU
	EndGlobalSection
	GlobalSection(ProjectConfigurationPlatforms) = postSolution
		{F9F282F3-7976-47C4-AB77-43535E0B0804}.Debug|Any CPU.ActiveCfg = Debug|Any CPU
		{F9F282F3-7976-47C4-AB77-43535E0B0804}.Debug|Any CPU.Build.0 = Debug|Any CPU
		{F9F282F3-7976-47C4-AB77-43535E0B0804}.Release|Any CPU.ActiveCfg = Release|Any CPU
		{F9F282F3-7976-47C4-AB77-43535E0B0804}.Release|Any CPU.Build.0 = Release|Any CPU
	EndGlobalSection
EndGlobal
